
Microsoft Visual Studio Solution File, Format Version 12.00
# Visual Studio Version 17
VisualStudioVersion = 17.6.33723.286
MinimumVisualStudioVersion = 10.0.40219.1
Project("{9A19103F-16F7-4668-BE54-9A1E7A4F7556}") = "EmailClient", "EmailClient.csproj", "{713530DA-2F04-4C33-9303-ECCBFB1018AF}"
EndProject
Global
	GlobalSection(SolutionConfigurationPlatforms) = preSolution
		Debug|Any CPU = Debug|Any CPU
		Release|Any CPU = Release|Any CPU
	EndGlobalSection
	GlobalSection(ProjectConfigurationPlatforms) = postSolution
		{713530DA-2F04-4C33-9303-ECCBFB1018AF}.Debug|Any CPU.ActiveCfg = Debug|Any CPU
		{713530DA-2F04-4C33-9303-ECCBFB1018AF}.Debug|Any CPU.Build.0 = Debug|Any CPU
		{713530DA-2F04-4C33-9303-ECCBFB1018AF}.Release|Any CPU.ActiveCfg = Release|Any CPU
		{713530DA-2F04-4C33-9303-ECCBFB1018AF}.Release|Any CPU.Build.0 = Release|Any CPU
	EndGlobalSection
	GlobalSection(SolutionProperties) = preSolution
		HideSolutionNode = FALSE
	EndGlobalSection
	GlobalSection(ExtensibilityGlobals) = postSolution
		SolutionGuid = {78E597BD-B3FD-470C-99C6-DF2239D61713}
	EndGlobalSection
EndGlobal
